// !$*UTF8*$!
{
	archiveVersion = 1;
	classes = {
	};
	objectVersion = 56;
	objects = {

/* Begin PBXBuildFile section */
		FD82CC7E29EBD9AA002FF398 /* TwoIndicesSum.swift in Sources */ = {isa = PBXBuildFile; fileRef = FD82CC7D29EBD9AA002FF398 /* TwoIndicesSum.swift */; };
		FD82CC8029EBDABC002FF398 /* TwoIndicesSumTests.swift in Sources */ = {isa = PBXBuildFile; fileRef = FD82CC7F29EBDABC002FF398 /* TwoIndicesSumTests.swift */; };
		FDD29D2429EBD3E200321F83 /* DataStructuresApp.swift in Sources */ = {isa = PBXBuildFile; fileRef = FDD29D2329EBD3E200321F83 /* DataStructuresApp.swift */; };
		FDD29D2629EBD3E200321F83 /* ContentView.swift in Sources */ = {isa = PBXBuildFile; fileRef = FDD29D2529EBD3E200321F83 /* ContentView.swift */; };
		FDD29D2829EBD3E300321F83 /* Assets.xcassets in Resources */ = {isa = PBXBuildFile; fileRef = FDD29D2729EBD3E300321F83 /* Assets.xcassets */; };
		FDD29D2B29EBD3E300321F83 /* Preview Assets.xcassets in Resources */ = {isa = PBXBuildFile; fileRef = FDD29D2A29EBD3E300321F83 /* Preview Assets.xcassets */; };
		FDD29D3529EBD3E300321F83 /* DataStructuresTests.swift in Sources */ = {isa = PBXBuildFile; fileRef = FDD29D3429EBD3E300321F83 /* DataStructuresTests.swift */; };
		FDF02E0B29EC3BC700DFF593 /* ContainsDuplicate.swift in Sources */ = {isa = PBXBuildFile; fileRef = FDF02E0A29EC3BC700DFF593 /* ContainsDuplicate.swift */; };
		FDF02E0D29EC3DBF00DFF593 /* ContainsDuplicateTests.swift in Sources */ = {isa = PBXBuildFile; fileRef = FDF02E0C29EC3DBF00DFF593 /* ContainsDuplicateTests.swift */; };
/* End PBXBuildFile section */

/* Begin PBXContainerItemProxy section */
		FDD29D3129EBD3E300321F83 /* PBXContainerItemProxy */ = {
			isa = PBXContainerItemProxy;
			containerPortal = FDD29D1829EBD3E200321F83 /* Project object */;
			proxyType = 1;
			remoteGlobalIDString = FDD29D1F29EBD3E200321F83;
			remoteInfo = DataStructures;
		};
/* End PBXContainerItemProxy section */

/* Begin PBXFileReference section */
		FD82CC7D29EBD9AA002FF398 /* TwoIndicesSum.swift */ = {isa = PBXFileReference; lastKnownFileType = sourcecode.swift; path = TwoIndicesSum.swift; sourceTree = "<group>"; };
		FD82CC7F29EBDABC002FF398 /* TwoIndicesSumTests.swift */ = {isa = PBXFileReference; lastKnownFileType = sourcecode.swift; path = TwoIndicesSumTests.swift; sourceTree = "<group>"; };
		FDD29D2029EBD3E200321F83 /* DataStructures.app */ = {isa = PBXFileReference; explicitFileType = wrapper.application; includeInIndex = 0; path = DataStructures.app; sourceTree = BUILT_PRODUCTS_DIR; };
		FDD29D2329EBD3E200321F83 /* DataStructuresApp.swift */ = {isa = PBXFileReference; lastKnownFileType = sourcecode.swift; path = DataStructuresApp.swift; sourceTree = "<group>"; };
		FDD29D2529EBD3E200321F83 /* ContentView.swift */ = {isa = PBXFileReference; lastKnownFileType = sourcecode.swift; path = ContentView.swift; sourceTree = "<group>"; };
		FDD29D2729EBD3E300321F83 /* Assets.xcassets */ = {isa = PBXFileReference; lastKnownFileType = folder.assetcatalog; path = Assets.xcassets; sourceTree = "<group>"; };
		FDD29D2A29EBD3E300321F83 /* Preview Assets.xcassets */ = {isa = PBXFileReference; lastKnownFileType = folder.assetcatalog; path = "Preview Assets.xcassets"; sourceTree = "<group>"; };
		FDD29D3029EBD3E300321F83 /* DataStructuresTests.xctest */ = {isa = PBXFileReference; explicitFileType = wrapper.cfbundle; includeInIndex = 0; path = DataStructuresTests.xctest; sourceTree = BUILT_PRODUCTS_DIR; };
		FDD29D3429EBD3E300321F83 /* DataStructuresTests.swift */ = {isa = PBXFileReference; lastKnownFileType = sourcecode.swift; path = DataStructuresTests.swift; sourceTree = "<group>"; };
		FDF02E0A29EC3BC700DFF593 /* ContainsDuplicate.swift */ = {isa = PBXFileReference; lastKnownFileType = sourcecode.swift; path = ContainsDuplicate.swift; sourceTree = "<group>"; };
		FDF02E0C29EC3DBF00DFF593 /* ContainsDuplicateTests.swift */ = {isa = PBXFileReference; lastKnownFileType = sourcecode.swift; path = ContainsDuplicateTests.swift; sourceTree = "<group>"; };
/* End PBXFileReference section */

/* Begin PBXFrameworksBuildPhase section */
		FDD29D1D29EBD3E200321F83 /* Frameworks */ = {
			isa = PBXFrameworksBuildPhase;
			buildActionMask = 2147483647;
			files = (
			);
			runOnlyForDeploymentPostprocessing = 0;
		};
		FDD29D2D29EBD3E300321F83 /* Frameworks */ = {
			isa = PBXFrameworksBuildPhase;
			buildActionMask = 2147483647;
			files = (
			);
			runOnlyForDeploymentPostprocessing = 0;
		};
/* End PBXFrameworksBuildPhase section */

/* Begin PBXGroup section */
		FDD29D1729EBD3E200321F83 = {
			isa = PBXGroup;
			children = (
				FDD29D2229EBD3E200321F83 /* DataStructures */,
				FDD29D3329EBD3E300321F83 /* DataStructuresTests */,
				FDD29D2129EBD3E200321F83 /* Products */,
			);
			sourceTree = "<group>";
		};
		FDD29D2129EBD3E200321F83 /* Products */ = {
			isa = PBXGroup;
			children = (
				FDD29D2029EBD3E200321F83 /* DataStructures.app */,
				FDD29D3029EBD3E300321F83 /* DataStructuresTests.xctest */,
			);
			name = Products;
			sourceTree = "<group>";
		};
		FDD29D2229EBD3E200321F83 /* DataStructures */ = {
			isa = PBXGroup;
			children = (
				FDD29D2329EBD3E200321F83 /* DataStructuresApp.swift */,
				FDD29D2529EBD3E200321F83 /* ContentView.swift */,
				FDF02E0A29EC3BC700DFF593 /* ContainsDuplicate.swift */,
				FD82CC7D29EBD9AA002FF398 /* TwoIndicesSum.swift */,
				FDD29D2729EBD3E300321F83 /* Assets.xcassets */,
				FDD29D2929EBD3E300321F83 /* Preview Content */,
			);
			path = DataStructures;
			sourceTree = "<group>";
		};
		FDD29D2929EBD3E300321F83 /* Preview Content */ = {
			isa = PBXGroup;
			children = (
				FDD29D2A29EBD3E300321F83 /* Preview Assets.xcassets */,
			);
			path = "Preview Content";
			sourceTree = "<group>";
		};
		FDD29D3329EBD3E300321F83 /* DataStructuresTests */ = {
			isa = PBXGroup;
			children = (
				FDD29D3429EBD3E300321F83 /* DataStructuresTests.swift */,
				FD82CC7F29EBDABC002FF398 /* TwoIndicesSumTests.swift */,
				FDF02E0C29EC3DBF00DFF593 /* ContainsDuplicateTests.swift */,
			);
			path = DataStructuresTests;
			sourceTree = "<group>";
		};
/* End PBXGroup section */

/* Begin PBXNativeTarget section */
		FDD29D1F29EBD3E200321F83 /* DataStructures */ = {
			isa = PBXNativeTarget;
			buildConfigurationList = FDD29D4429EBD3E300321F83 /* Build configuration list for PBXNativeTarget "DataStructures" */;
			buildPhases = (
				FDD29D1C29EBD3E200321F83 /* Sources */,
				FDD29D1D29EBD3E200321F83 /* Frameworks */,
				FDD29D1E29EBD3E200321F83 /* Resources */,
			);
			buildRules = (
			);
			dependencies = (
			);
			name = DataStructures;
			productName = DataStructures;
			productReference = FDD29D2029EBD3E200321F83 /* DataStructures.app */;
			productType = "com.apple.product-type.application";
		};
		FDD29D2F29EBD3E300321F83 /* DataStructuresTests */ = {
			isa = PBXNativeTarget;
			buildConfigurationList = FDD29D4729EBD3E300321F83 /* Build configuration list for PBXNativeTarget "DataStructuresTests" */;
			buildPhases = (
				FDD29D2C29EBD3E300321F83 /* Sources */,
				FDD29D2D29EBD3E300321F83 /* Frameworks */,
				FDD29D2E29EBD3E300321F83 /* Resources */,
			);
			buildRules = (
			);
			dependencies = (
				FDD29D3229EBD3E300321F83 /* PBXTargetDependency */,
			);
			name = DataStructuresTests;
			productName = DataStructuresTests;
			productReference = FDD29D3029EBD3E300321F83 /* DataStructuresTests.xctest */;
			productType = "com.apple.product-type.bundle.unit-test";
		};
/* End PBXNativeTarget section */

/* Begin PBXProject section */
		FDD29D1829EBD3E200321F83 /* Project object */ = {
			isa = PBXProject;
			attributes = {
				BuildIndependentTargetsInParallel = 1;
				LastSwiftUpdateCheck = 1430;
				LastUpgradeCheck = 1430;
				TargetAttributes = {
					FDD29D1F29EBD3E200321F83 = {
						CreatedOnToolsVersion = 14.3;
					};
					FDD29D2F29EBD3E300321F83 = {
						CreatedOnToolsVersion = 14.3;
						TestTargetID = FDD29D1F29EBD3E200321F83;
					};
				};
			};
			buildConfigurationList = FDD29D1B29EBD3E200321F83 /* Build configuration list for PBXProject "DataStructures" */;
			compatibilityVersion = "Xcode 14.0";
			developmentRegion = en;
			hasScannedForEncodings = 0;
			knownRegions = (
				en,
				Base,
			);
			mainGroup = FDD29D1729EBD3E200321F83;
			productRefGroup = FDD29D2129EBD3E200321F83 /* Products */;
			projectDirPath = "";
			projectRoot = "";
			targets = (
				FDD29D1F29EBD3E200321F83 /* DataStructures */,
				FDD29D2F29EBD3E300321F83 /* DataStructuresTests */,
			);
		};
/* End PBXProject section */

/* Begin PBXResourcesBuildPhase section */
		FDD29D1E29EBD3E200321F83 /* Resources */ = {
			isa = PBXResourcesBuildPhase;
			buildActionMask = 2147483647;
			files = (
				FDD29D2B29EBD3E300321F83 /* Preview Assets.xcassets in Resources */,
				FDD29D2829EBD3E300321F83 /* Assets.xcassets in Resources */,
			);
			runOnlyForDeploymentPostprocessing = 0;
		};
		FDD29D2E29EBD3E300321F83 /* Resources */ = {
			isa = PBXResourcesBuildPhase;
			buildActionMask = 2147483647;
			files = (
			);
			runOnlyForDeploymentPostprocessing = 0;
		};
/* End PBXResourcesBuildPhase section */

/* Begin PBXSourcesBuildPhase section */
		FDD29D1C29EBD3E200321F83 /* Sources */ = {
			isa = PBXSourcesBuildPhase;
			buildActionMask = 2147483647;
			files = (
				FDF02E0B29EC3BC700DFF593 /* ContainsDuplicate.swift in Sources */,
				FDD29D2629EBD3E200321F83 /* ContentView.swift in Sources */,
				FDD29D2429EBD3E200321F83 /* DataStructuresApp.swift in Sources */,
				FD82CC7E29EBD9AA002FF398 /* TwoIndicesSum.swift in Sources */,
			);
			runOnlyForDeploymentPostprocessing = 0;
		};
		FDD29D2C29EBD3E300321F83 /* Sources */ = {
			isa = PBXSourcesBuildPhase;
			buildActionMask = 2147483647;
			files = (
				FD82CC8029EBDABC002FF398 /* TwoIndicesSumTests.swift in Sources */,
				FDD29D3529EBD3E300321F83 /* DataStructuresTests.swift in Sources */,
				FDF02E0D29EC3DBF00DFF593 /* ContainsDuplicateTests.swift in Sources */,
			);
			runOnlyForDeploymentPostprocessing = 0;
		};
/* End PBXSourcesBuildPhase section */

/* Begin PBXTargetDependency section */
		FDD29D3229EBD3E300321F83 /* PBXTargetDependency */ = {
			isa = PBXTargetDependency;
			target = FDD29D1F29EBD3E200321F83 /* DataStructures */;
			targetProxy = FDD29D3129EBD3E300321F83 /* PBXContainerItemProxy */;
		};
/* End PBXTargetDependency section */

/* Begin XCBuildConfiguration section */
		FDD29D4229EBD3E300321F83 /* Debug */ = {
			isa = XCBuildConfiguration;
			buildSettings = {
				ALWAYS_SEARCH_USER_PATHS = NO;
				CLANG_ANALYZER_NONNULL = YES;
				CLANG_ANALYZER_NUMBER_OBJECT_CONVERSION = YES_AGGRESSIVE;
				CLANG_CXX_LANGUAGE_STANDARD = "gnu++20";
				CLANG_ENABLE_MODULES = YES;
				CLANG_ENABLE_OBJC_ARC = YES;
				CLANG_ENABLE_OBJC_WEAK = YES;
				CLANG_WARN_BLOCK_CAPTURE_AUTORELEASING = YES;
				CLANG_WARN_BOOL_CONVERSION = YES;
				CLANG_WARN_COMMA = YES;
				CLANG_WARN_CONSTANT_CONVERSION = YES;
				CLANG_WARN_DEPRECATED_OBJC_IMPLEMENTATIONS = YES;
				CLANG_WARN_DIRECT_OBJC_ISA_USAGE = YES_ERROR;
				CLANG_WARN_DOCUMENTATION_COMMENTS = YES;
				CLANG_WARN_EMPTY_BODY = YES;
				CLANG_WARN_ENUM_CONVERSION = YES;
				CLANG_WARN_INFINITE_RECURSION = YES;
				CLANG_WARN_INT_CONVERSION = YES;
				CLANG_WARN_NON_LITERAL_NULL_CONVERSION = YES;
				CLANG_WARN_OBJC_IMPLICIT_RETAIN_SELF = YES;
				CLANG_WARN_OBJC_LITERAL_CONVERSION = YES;
				CLANG_WARN_OBJC_ROOT_CLASS = YES_ERROR;
				CLANG_WARN_QUOTED_INCLUDE_IN_FRAMEWORK_HEADER = YES;
				CLANG_WARN_RANGE_LOOP_ANALYSIS = YES;
				CLANG_WARN_STRICT_PROTOTYPES = YES;
				CLANG_WARN_SUSPICIOUS_MOVE = YES;
				CLANG_WARN_UNGUARDED_AVAILABILITY = YES_AGGRESSIVE;
				CLANG_WARN_UNREACHABLE_CODE = YES;
				CLANG_WARN__DUPLICATE_METHOD_MATCH = YES;
				COPY_PHASE_STRIP = NO;
				DEBUG_INFORMATION_FORMAT = dwarf;
				ENABLE_STRICT_OBJC_MSGSEND = YES;
				ENABLE_TESTABILITY = YES;
				GCC_C_LANGUAGE_STANDARD = gnu11;
				GCC_DYNAMIC_NO_PIC = NO;
				GCC_NO_COMMON_BLOCKS = YES;
				GCC_OPTIMIZATION_LEVEL = 0;
				GCC_PREPROCESSOR_DEFINITIONS = (
					"DEBUG=1",
					"$(inherited)",
				);
				GCC_WARN_64_TO_32_BIT_CONVERSION = YES;
				GCC_WARN_ABOUT_RETURN_TYPE = YES_ERROR;
				GCC_WARN_UNDECLARED_SELECTOR = YES;
				GCC_WARN_UNINITIALIZED_AUTOS = YES_AGGRESSIVE;
				GCC_WARN_UNUSED_FUNCTION = YES;
				GCC_WARN_UNUSED_VARIABLE = YES;
				IPHONEOS_DEPLOYMENT_TARGET = 16.4;
				MTL_ENABLE_DEBUG_INFO = INCLUDE_SOURCE;
				MTL_FAST_MATH = YES;
				ONLY_ACTIVE_ARCH = YES;
				SDKROOT = iphoneos;
				SWIFT_ACTIVE_COMPILATION_CONDITIONS = DEBUG;
				SWIFT_OPTIMIZATION_LEVEL = "-Onone";
			};
			name = Debug;
		};
		FDD29D4329EBD3E300321F83 /* Release */ = {
			isa = XCBuildConfiguration;
			buildSettings = {
				ALWAYS_SEARCH_USER_PATHS = NO;
				CLANG_ANALYZER_NONNULL = YES;
				CLANG_ANALYZER_NUMBER_OBJECT_CONVERSION = YES_AGGRESSIVE;
				CLANG_CXX_LANGUAGE_STANDARD = "gnu++20";
				CLANG_ENABLE_MODULES = YES;
				CLANG_ENABLE_OBJC_ARC = YES;
				CLANG_ENABLE_OBJC_WEAK = YES;
				CLANG_WARN_BLOCK_CAPTURE_AUTORELEASING = YES;
				CLANG_WARN_BOOL_CONVERSION = YES;
				CLANG_WARN_COMMA = YES;
				CLANG_WARN_CONSTANT_CONVERSION = YES;
				CLANG_WARN_DEPRECATED_OBJC_IMPLEMENTATIONS = YES;
				CLANG_WARN_DIRECT_OBJC_ISA_USAGE = YES_ERROR;
				CLANG_WARN_DOCUMENTATION_COMMENTS = YES;
				CLANG_WARN_EMPTY_BODY = YES;
				CLANG_WARN_ENUM_CONVERSION = YES;
				CLANG_WARN_INFINITE_RECURSION = YES;
				CLANG_WARN_INT_CONVERSION = YES;
				CLANG_WARN_NON_LITERAL_NULL_CONVERSION = YES;
				CLANG_WARN_OBJC_IMPLICIT_RETAIN_SELF = YES;
				CLANG_WARN_OBJC_LITERAL_CONVERSION = YES;
				CLANG_WARN_OBJC_ROOT_CLASS = YES_ERROR;
				CLANG_WARN_QUOTED_INCLUDE_IN_FRAMEWORK_HEADER = YES;
				CLANG_WARN_RANGE_LOOP_ANALYSIS = YES;
				CLANG_WARN_STRICT_PROTOTYPES = YES;
				CLANG_WARN_SUSPICIOUS_MOVE = YES;
				CLANG_WARN_UNGUARDED_AVAILABILITY = YES_AGGRESSIVE;
				CLANG_WARN_UNREACHABLE_CODE = YES;
				CLANG_WARN__DUPLICATE_METHOD_MATCH = YES;
				COPY_PHASE_STRIP = NO;
				DEBUG_INFORMATION_FORMAT = "dwarf-with-dsym";
				ENABLE_NS_ASSERTIONS = NO;
				ENABLE_STRICT_OBJC_MSGSEND = YES;
				GCC_C_LANGUAGE_STANDARD = gnu11;
				GCC_NO_COMMON_BLOCKS = YES;
				GCC_WARN_64_TO_32_BIT_CONVERSION = YES;
				GCC_WARN_ABOUT_RETURN_TYPE = YES_ERROR;
				GCC_WARN_UNDECLARED_SELECTOR = YES;
				GCC_WARN_UNINITIALIZED_AUTOS = YES_AGGRESSIVE;
				GCC_WARN_UNUSED_FUNCTION = YES;
				GCC_WARN_UNUSED_VARIABLE = YES;
				IPHONEOS_DEPLOYMENT_TARGET = 16.4;
				MTL_ENABLE_DEBUG_INFO = NO;
				MTL_FAST_MATH = YES;
				SDKROOT = iphoneos;
				SWIFT_COMPILATION_MODE = wholemodule;
				SWIFT_OPTIMIZATION_LEVEL = "-O";
				VALIDATE_PRODUCT = YES;
			};
			name = Release;
		};
		FDD29D4529EBD3E300321F83 /* Debug */ = {
			isa = XCBuildConfiguration;
			buildSettings = {
				ASSETCATALOG_COMPILER_APPICON_NAME = AppIcon;
				ASSETCATALOG_COMPILER_GLOBAL_ACCENT_COLOR_NAME = AccentColor;
				CODE_SIGN_STYLE = Automatic;
				CURRENT_PROJECT_VERSION = 1;
				DEVELOPMENT_ASSET_PATHS = "\"DataStructures/Preview Content\"";
				DEVELOPMENT_TEAM = DE4UXT3XGM;
				ENABLE_PREVIEWS = YES;
				GENERATE_INFOPLIST_FILE = YES;
				INFOPLIST_KEY_UIApplicationSceneManifest_Generation = YES;
				INFOPLIST_KEY_UIApplicationSupportsIndirectInputEvents = YES;
				INFOPLIST_KEY_UILaunchScreen_Generation = YES;
				INFOPLIST_KEY_UISupportedInterfaceOrientations = UIInterfaceOrientationPortrait;
				INFOPLIST_KEY_UISupportedInterfaceOrientations_iPad = "UIInterfaceOrientationLandscapeLeft UIInterfaceOrientationLandscapeRight UIInterfaceOrientationPortrait UIInterfaceOrientationPortraitUpsideDown";
				LD_RUNPATH_SEARCH_PATHS = (
					"$(inherited)",
					"@executable_path/Frameworks",
				);
				MARKETING_VERSION = 1.0;
				PRODUCT_BUNDLE_IDENTIFIER = com.chirathk.DataStructures;
				PRODUCT_NAME = "$(TARGET_NAME)";
				SWIFT_EMIT_LOC_STRINGS = YES;
				SWIFT_VERSION = 5.0;
				TARGETED_DEVICE_FAMILY = "1,2";
			};
			name = Debug;
		};
		FDD29D4629EBD3E300321F83 /* Release */ = {
			isa = XCBuildConfiguration;
			buildSettings = {
				ASSETCATALOG_COMPILER_APPICON_NAME = AppIcon;
				ASSETCATALOG_COMPILER_GLOBAL_ACCENT_COLOR_NAME = AccentColor;
				CODE_SIGN_STYLE = Automatic;
				CURRENT_PROJECT_VERSION = 1;
				DEVELOPMENT_ASSET_PATHS = "\"DataStructures/Preview Content\"";
				DEVELOPMENT_TEAM = DE4UXT3XGM;
				ENABLE_PREVIEWS = YES;
				GENERATE_INFOPLIST_FILE = YES;
				INFOPLIST_KEY_UIApplicationSceneManifest_Generation = YES;
				INFOPLIST_KEY_UIApplicationSupportsIndirectInputEvents = YES;
				INFOPLIST_KEY_UILaunchScreen_Generation = YES;
				INFOPLIST_KEY_UISupportedInterfaceOrientations = UIInterfaceOrientationPortrait;
				INFOPLIST_KEY_UISupportedInterfaceOrientations_iPad = "UIInterfaceOrientationLandscapeLeft UIInterfaceOrientationLandscapeRight UIInterfaceOrientationPortrait UIInterfaceOrientationPortraitUpsideDown";
				LD_RUNPATH_SEARCH_PATHS = (
					"$(inherited)",
					"@executable_path/Frameworks",
				);
				MARKETING_VERSION = 1.0;
				PRODUCT_BUNDLE_IDENTIFIER = com.chirathk.DataStructures;
				PRODUCT_NAME = "$(TARGET_NAME)";
				SWIFT_EMIT_LOC_STRINGS = YES;
				SWIFT_VERSION = 5.0;
				TARGETED_DEVICE_FAMILY = "1,2";
			};
			name = Release;
		};
		FDD29D4829EBD3E300321F83 /* Debug */ = {
			isa = XCBuildConfiguration;
			buildSettings = {
				ALWAYS_EMBED_SWIFT_STANDARD_LIBRARIES = YES;
				BUNDLE_LOADER = "$(TEST_HOST)";
				CODE_SIGN_STYLE = Automatic;
				CURRENT_PROJECT_VERSION = 1;
				DEVELOPMENT_TEAM = DE4UXT3XGM;
				GENERATE_INFOPLIST_FILE = YES;
				IPHONEOS_DEPLOYMENT_TARGET = 16.4;
				MARKETING_VERSION = 1.0;
				PRODUCT_BUNDLE_IDENTIFIER = com.chirathk.DataStructuresTests;
				PRODUCT_NAME = "$(TARGET_NAME)";
				SWIFT_EMIT_LOC_STRINGS = NO;
				SWIFT_VERSION = 5.0;
				TARGETED_DEVICE_FAMILY = "1,2";
				TEST_HOST = "$(BUILT_PRODUCTS_DIR)/DataStructures.app/$(BUNDLE_EXECUTABLE_FOLDER_PATH)/DataStructures";
			};
			name = Debug;
		};
		FDD29D4929EBD3E300321F83 /* Release */ = {
			isa = XCBuildConfiguration;
			buildSettings = {
				ALWAYS_EMBED_SWIFT_STANDARD_LIBRARIES = YES;
				BUNDLE_LOADER = "$(TEST_HOST)";
				CODE_SIGN_STYLE = Automatic;
				CURRENT_PROJECT_VERSION = 1;
				DEVELOPMENT_TEAM = DE4UXT3XGM;
				GENERATE_INFOPLIST_FILE = YES;
				IPHONEOS_DEPLOYMENT_TARGET = 16.4;
				MARKETING_VERSION = 1.0;
				PRODUCT_BUNDLE_IDENTIFIER = com.chirathk.DataStructuresTests;
				PRODUCT_NAME = "$(TARGET_NAME)";
				SWIFT_EMIT_LOC_STRINGS = NO;
				SWIFT_VERSION = 5.0;
				TARGETED_DEVICE_FAMILY = "1,2";
				TEST_HOST = "$(BUILT_PRODUCTS_DIR)/DataStructures.app/$(BUNDLE_EXECUTABLE_FOLDER_PATH)/DataStructures";
			};
			name = Release;
		};
/* End XCBuildConfiguration section */

/* Begin XCConfigurationList section */
		FDD29D1B29EBD3E200321F83 /* Build configuration list for PBXProject "DataStructures" */ = {
			isa = XCConfigurationList;
			buildConfigurations = (
				FDD29D4229EBD3E300321F83 /* Debug */,
				FDD29D4329EBD3E300321F83 /* Release */,
			);
			defaultConfigurationIsVisible = 0;
			defaultConfigurationName = Release;
		};
		FDD29D4429EBD3E300321F83 /* Build configuration list for PBXNativeTarget "DataStructures" */ = {
			isa = XCConfigurationList;
			buildConfigurations = (
				FDD29D4529EBD3E300321F83 /* Debug */,
				FDD29D4629EBD3E300321F83 /* Release */,
			);
			defaultConfigurationIsVisible = 0;
			defaultConfigurationName = Release;
		};
		FDD29D4729EBD3E300321F83 /* Build configuration list for PBXNativeTarget "DataStructuresTests" */ = {
			isa = XCConfigurationList;
			buildConfigurations = (
				FDD29D4829EBD3E300321F83 /* Debug */,
				FDD29D4929EBD3E300321F83 /* Release */,
			);
			defaultConfigurationIsVisible = 0;
			defaultConfigurationName = Release;
		};
/* End XCConfigurationList section */
	};
	rootObject = FDD29D1829EBD3E200321F83 /* Project object */;
}
